// !$*UTF8*$!
{
	archiveVersion = 1;
	classes = {
	};
	objectVersion = 46;
	objects = {

/* Begin PBXBuildFile section */
		50931E641F4A1EA800C5E2B3 /* AppDelegate.swift in Sources */ = {isa = PBXBuildFile; fileRef = 50931E631F4A1EA800C5E2B3 /* AppDelegate.swift */; };
		50931E661F4A1EA800C5E2B3 /* ViewController.swift in Sources */ = {isa = PBXBuildFile; fileRef = 50931E651F4A1EA800C5E2B3 /* ViewController.swift */; };
		50931E691F4A1EA800C5E2B3 /* Main.storyboard in Resources */ = {isa = PBXBuildFile; fileRef = 50931E671F4A1EA800C5E2B3 /* Main.storyboard */; };
		50931E6B1F4A1EA800C5E2B3 /* Assets.xcassets in Resources */ = {isa = PBXBuildFile; fileRef = 50931E6A1F4A1EA800C5E2B3 /* Assets.xcassets */; };
		50931E6E1F4A1EA900C5E2B3 /* LaunchScreen.storyboard in Resources */ = {isa = PBXBuildFile; fileRef = 50931E6C1F4A1EA800C5E2B3 /* LaunchScreen.storyboard */; };
/* End PBXBuildFile section */

/* Begin PBXFileReference section */
		50931E601F4A1EA800C5E2B3 /* ChallengeLesson3.app */ = {isa = PBXFileReference; explicitFileType = wrapper.application; includeInIndex = 0; path = ChallengeLesson3.app; sourceTree = BUILT_PRODUCTS_DIR; };
		50931E631F4A1EA800C5E2B3 /* AppDelegate.swift */ = {isa = PBXFileReference; lastKnownFileType = sourcecode.swift; path = AppDelegate.swift; sourceTree = "<group>"; };
		50931E651F4A1EA800C5E2B3 /* ViewController.swift */ = {isa = PBXFileReference; lastKnownFileType = sourcecode.swift; path = ViewController.swift; sourceTree = "<group>"; };
		50931E681F4A1EA800C5E2B3 /* Base */ = {isa = PBXFileReference; lastKnownFileType = file.storyboard; name = Base; path = Base.lproj/Main.storyboard; sourceTree = "<group>"; };
		50931E6A1F4A1EA800C5E2B3 /* Assets.xcassets */ = {isa = PBXFileReference; lastKnownFileType = folder.assetcatalog; path = Assets.xcassets; sourceTree = "<group>"; };
		50931E6D1F4A1EA900C5E2B3 /* Base */ = {isa = PBXFileReference; lastKnownFileType = file.storyboard; name = Base; path = Base.lproj/LaunchScreen.storyboard; sourceTree = "<group>"; };
		50931E6F1F4A1EA900C5E2B3 /* Info.plist */ = {isa = PBXFileReference; lastKnownFileType = text.plist.xml; path = Info.plist; sourceTree = "<group>"; };
/* End PBXFileReference section */

/* Begin PBXFrameworksBuildPhase section */
		50931E5D1F4A1EA800C5E2B3 /* Frameworks */ = {
			isa = PBXFrameworksBuildPhase;
			buildActionMask = 2147483647;
			files = (
			);
			runOnlyForDeploymentPostprocessing = 0;
		};
/* End PBXFrameworksBuildPhase section */

/* Begin PBXGroup section */
		50931E571F4A1EA800C5E2B3 = {
			isa = PBXGroup;
			children = (
				50931E621F4A1EA800C5E2B3 /* ChallengeLesson3 */,
				50931E611F4A1EA800C5E2B3 /* Products */,
			);
			sourceTree = "<group>";
		};
		50931E611F4A1EA800C5E2B3 /* Products */ = {
			isa = PBXGroup;
			children = (
				50931E601F4A1EA800C5E2B3 /* ChallengeLesson3.app */,
			);
			name = Products;
			sourceTree = "<group>";
		};
		50931E621F4A1EA800C5E2B3 /* ChallengeLesson3 */ = {
			isa = PBXGroup;
			children = (
				50931E631F4A1EA800C5E2B3 /* AppDelegate.swift */,
				50931E651F4A1EA800C5E2B3 /* ViewController.swift */,
				50931E671F4A1EA800C5E2B3 /* Main.storyboard */,
				50931E6A1F4A1EA800C5E2B3 /* Assets.xcassets */,
				50931E6C1F4A1EA800C5E2B3 /* LaunchScreen.storyboard */,
				50931E6F1F4A1EA900C5E2B3 /* Info.plist */,
			);
			path = ChallengeLesson3;
			sourceTree = "<group>";
		};
/* End PBXGroup section */

/* Begin PBXNativeTarget section */
		50931E5F1F4A1EA800C5E2B3 /* ChallengeLesson3 */ = {
			isa = PBXNativeTarget;
			buildConfigurationList = 50931E721F4A1EA900C5E2B3 /* Build configuration list for PBXNativeTarget "ChallengeLesson3" */;
			buildPhases = (
				50931E5C1F4A1EA800C5E2B3 /* Sources */,
				50931E5D1F4A1EA800C5E2B3 /* Frameworks */,
				50931E5E1F4A1EA800C5E2B3 /* Resources */,
			);
			buildRules = (
			);
			dependencies = (
			);
			name = ChallengeLesson3;
			productName = ChallengeLesson3;
			productReference = 50931E601F4A1EA800C5E2B3 /* ChallengeLesson3.app */;
			productType = "com.apple.product-type.application";
		};
/* End PBXNativeTarget section */

/* Begin PBXProject section */
		50931E581F4A1EA800C5E2B3 /* Project object */ = {
			isa = PBXProject;
			attributes = {
				LastSwiftUpdateCheck = 0830;
				LastUpgradeCheck = 0830;
				ORGANIZATIONNAME = Bathanti;
				TargetAttributes = {
					50931E5F1F4A1EA800C5E2B3 = {
						CreatedOnToolsVersion = 8.3.3;
						ProvisioningStyle = Automatic;
					};
				};
			};
			buildConfigurationList = 50931E5B1F4A1EA800C5E2B3 /* Build configuration list for PBXProject "ChallengeLesson3" */;
			compatibilityVersion = "Xcode 3.2";
			developmentRegion = English;
			hasScannedForEncodings = 0;
			knownRegions = (
				en,
				Base,
			);
			mainGroup = 50931E571F4A1EA800C5E2B3;
			productRefGroup = 50931E611F4A1EA800C5E2B3 /* Products */;
			projectDirPath = "";
			projectRoot = "";
			targets = (
				50931E5F1F4A1EA800C5E2B3 /* ChallengeLesson3 */,
			);
		};
/* End PBXProject section */

/* Begin PBXResourcesBuildPhase section */
		50931E5E1F4A1EA800C5E2B3 /* Resources */ = {
			isa = PBXResourcesBuildPhase;
			buildActionMask = 2147483647;
			files = (
				50931E6E1F4A1EA900C5E2B3 /* LaunchScreen.storyboard in Resources */,
				50931E6B1F4A1EA800C5E2B3 /* Assets.xcassets in Resources */,
				50931E691F4A1EA800C5E2B3 /* Main.storyboard in Resources */,
			);
			runOnlyForDeploymentPostprocessing = 0;
		};
/* End PBXResourcesBuildPhase section */

/* Begin PBXSourcesBuildPhase section */
		50931E5C1F4A1EA800C5E2B3 /* Sources */ = {
			isa = PBXSourcesBuildPhase;
			buildActionMask = 2147483647;
			files = (
				50931E661F4A1EA800C5E2B3 /* ViewController.swift in Sources */,
				50931E641F4A1EA800C5E2B3 /* AppDelegate.swift in Sources */,
			);
			runOnlyForDeploymentPostprocessing = 0;
		};
/* End PBXSourcesBuildPhase section */

/* Begin PBXVariantGroup section */
		50931E671F4A1EA800C5E2B3 /* Main.storyboard */ = {
			isa = PBXVariantGroup;
			children = (
				50931E681F4A1EA800C5E2B3 /* Base */,
			);
			name = Main.storyboard;
			sourceTree = "<group>";
		};
		50931E6C1F4A1EA800C5E2B3 /* LaunchScreen.storyboard */ = {
			isa = PBXVariantGroup;
			children = (
				50931E6D1F4A1EA900C5E2B3 /* Base */,
			);
			name = LaunchScreen.storyboard;
			sourceTree = "<group>";
		};
/* End PBXVariantGroup section */

/* Begin XCBuildConfiguration section */
		50931E701F4A1EA900C5E2B3 /* Debug */ = {
			isa = XCBuildConfiguration;
			buildSettings = {
				ALWAYS_SEARCH_USER_PATHS = NO;
				CLANG_ANALYZER_NONNULL = YES;
				CLANG_ANALYZER_NUMBER_OBJECT_CONVERSION = YES_AGGRESSIVE;
				CLANG_CXX_LANGUAGE_STANDARD = "gnu++0x";
				CLANG_CXX_LIBRARY = "libc++";
				CLANG_ENABLE_MODULES = YES;
				CLANG_ENABLE_OBJC_ARC = YES;
				CLANG_WARN_BOOL_CONVERSION = YES;
				CLANG_WARN_CONSTANT_CONVERSION = YES;
				CLANG_WARN_DIRECT_OBJC_ISA_USAGE = YES_ERROR;
				CLANG_WARN_DOCUMENTATION_COMMENTS = YES;
				CLANG_WARN_EMPTY_BODY = YES;
				CLANG_WARN_ENUM_CONVERSION = YES;
				CLANG_WARN_INFINITE_RECURSION = YES;
				CLANG_WARN_INT_CONVERSION = YES;
				CLANG_WARN_OBJC_ROOT_CLASS = YES_ERROR;
				CLANG_WARN_SUSPICIOUS_MOVE = YES;
				CLANG_WARN_UNREACHABLE_CODE = YES;
				CLANG_WARN__DUPLICATE_METHOD_MATCH = YES;
				"CODE_SIGN_IDENTITY[sdk=iphoneos*]" = "iPhone Developer";
				COPY_PHASE_STRIP = NO;
				DEBUG_INFORMATION_FORMAT = dwarf;
				ENABLE_STRICT_OBJC_MSGSEND = YES;
				ENABLE_TESTABILITY = YES;
				GCC_C_LANGUAGE_STANDARD = gnu99;
				GCC_DYNAMIC_NO_PIC = NO;
				GCC_NO_COMMON_BLOCKS = YES;
				GCC_OPTIMIZATION_LEVEL = 0;
				GCC_PREPROCESSOR_DEFINITIONS = (
					"DEBUG=1",
					"$(inherited)",
				);
				GCC_WARN_64_TO_32_BIT_CONVERSION = YES;
				GCC_WARN_ABOUT_RETURN_TYPE = YES_ERROR;
				GCC_WARN_UNDECLARED_SELECTOR = YES;
				GCC_WARN_UNINITIALIZED_AUTOS = YES_AGGRESSIVE;
				GCC_WARN_UNUSED_FUNCTION = YES;
				GCC_WARN_UNUSED_VARIABLE = YES;
				IPHONEOS_DEPLOYMENT_TARGET = 10.3;
				MTL_ENABLE_DEBUG_INFO = YES;
				ONLY_ACTIVE_ARCH = YES;
				SDKROOT = iphoneos;
				SWIFT_ACTIVE_COMPILATION_CONDITIONS = DEBUG;
				SWIFT_OPTIMIZATION_LEVEL = "-Onone";
				TARGETED_DEVICE_FAMILY = "1,2";
			};
			name = Debug;
		};
		50931E711F4A1EA900C5E2B3 /* Release */ = {
			isa = XCBuildConfiguration;
			buildSettings = {
				ALWAYS_SEARCH_USER_PATHS = NO;
				CLANG_ANALYZER_NONNULL = YES;
				CLANG_ANALYZER_NUMBER_OBJECT_CONVERSION = YES_AGGRESSIVE;
				CLANG_CXX_LANGUAGE_STANDARD = "gnu++0x";
				CLANG_CXX_LIBRARY = "libc++";
				CLANG_ENABLE_MODULES = YES;
				CLANG_ENABLE_OBJC_ARC = YES;
				CLANG_WARN_BOOL_CONVERSION = YES;
				CLANG_WARN_CONSTANT_CONVERSION = YES;
				CLANG_WARN_DIRECT_OBJC_ISA_USAGE = YES_ERROR;
				CLANG_WARN_DOCUMENTATION_COMMENTS = YES;
				CLANG_WARN_EMPTY_BODY = YES;
				CLANG_WARN_ENUM_CONVERSION = YES;
				CLANG_WARN_INFINITE_RECURSION = YES;
				CLANG_WARN_INT_CONVERSION = YES;
				CLANG_WARN_OBJC_ROOT_CLASS = YES_ERROR;
				CLANG_WARN_SUSPICIOUS_MOVE = YES;
				CLANG_WARN_UNREACHABLE_CODE = YES;
				CLANG_WARN__DUPLICATE_METHOD_MATCH = YES;
				"CODE_SIGN_IDENTITY[sdk=iphoneos*]" = "iPhone Developer";
				COPY_PHASE_STRIP = NO;
				DEBUG_INFORMATION_FORMAT = "dwarf-with-dsym";
				ENABLE_NS_ASSERTIONS = NO;
				ENABLE_STRICT_OBJC_MSGSEND = YES;
				GCC_C_LANGUAGE_STANDARD = gnu99;
				GCC_NO_COMMON_BLOCKS = YES;
				GCC_WARN_64_TO_32_BIT_CONVERSION = YES;
				GCC_WARN_ABOUT_RETURN_TYPE = YES_ERROR;
				GCC_WARN_UNDECLARED_SELECTOR = YES;
				GCC_WARN_UNINITIALIZED_AUTOS = YES_AGGRESSIVE;
				GCC_WARN_UNUSED_FUNCTION = YES;
				GCC_WARN_UNUSED_VARIABLE = YES;
				IPHONEOS_DEPLOYMENT_TARGET = 10.3;
				MTL_ENABLE_DEBUG_INFO = NO;
				SDKROOT = iphoneos;
				SWIFT_OPTIMIZATION_LEVEL = "-Owholemodule";
				TARGETED_DEVICE_FAMILY = "1,2";
				VALIDATE_PRODUCT = YES;
			};
			name = Release;
		};
		50931E731F4A1EA900C5E2B3 /* Debug */ = {
			isa = XCBuildConfiguration;
			buildSettings = {
				ASSETCATALOG_COMPILER_APPICON_NAME = AppIcon;
				INFOPLIST_FILE = ChallengeLesson3/Info.plist;
				LD_RUNPATH_SEARCH_PATHS = "$(inherited) @executable_path/Frameworks";
				PRODUCT_BUNDLE_IDENTIFIER = com.test.ChallengeLesson3;
				PRODUCT_NAME = "$(TARGET_NAME)";
				SWIFT_VERSION = 3.0;
			};
			name = Debug;
		};
		50931E741F4A1EA900C5E2B3 /* Release */ = {
			isa = XCBuildConfiguration;
			buildSettings = {
				ASSETCATALOG_COMPILER_APPICON_NAME = AppIcon;
				INFOPLIST_FILE = ChallengeLesson3/Info.plist;
				LD_RUNPATH_SEARCH_PATHS = "$(inherited) @executable_path/Frameworks";
				PRODUCT_BUNDLE_IDENTIFIER = com.test.ChallengeLesson3;
				PRODUCT_NAME = "$(TARGET_NAME)";
				SWIFT_VERSION = 3.0;
			};
			name = Release;
		};
/* End XCBuildConfiguration section */

/* Begin XCConfigurationList section */
		50931E5B1F4A1EA800C5E2B3 /* Build configuration list for PBXProject "ChallengeLesson3" */ = {
			isa = XCConfigurationList;
			buildConfigurations = (
				50931E701F4A1EA900C5E2B3 /* Debug */,
				50931E711F4A1EA900C5E2B3 /* Release */,
			);
			defaultConfigurationIsVisible = 0;
			defaultConfigurationName = Release;
		};
		50931E721F4A1EA900C5E2B3 /* Build configuration list for PBXNativeTarget "ChallengeLesson3" */ = {
			isa = XCConfigurationList;
			buildConfigurations = (
				50931E731F4A1EA900C5E2B3 /* Debug */,
				50931E741F4A1EA900C5E2B3 /* Release */,
			);
			defaultConfigurationIsVisible = 0;
		};
/* End XCConfigurationList section */
	};
	rootObject = 50931E581F4A1EA800C5E2B3 /* Project object */;
}
