// !$*UTF8*$!
{
	archiveVersion = 1;
	classes = {
	};
	objectVersion = 46;
	objects = {

/* Begin PBXBuildFile section */
		504F58DB1F491B9800A2CD67 /* AppDelegate.swift in Sources */ = {isa = PBXBuildFile; fileRef = 504F58DA1F491B9800A2CD67 /* AppDelegate.swift */; };
		504F58DD1F491B9800A2CD67 /* ViewController.swift in Sources */ = {isa = PBXBuildFile; fileRef = 504F58DC1F491B9800A2CD67 /* ViewController.swift */; };
		504F58E01F491B9800A2CD67 /* Main.storyboard in Resources */ = {isa = PBXBuildFile; fileRef = 504F58DE1F491B9800A2CD67 /* Main.storyboard */; };
		504F58E21F491B9900A2CD67 /* Assets.xcassets in Resources */ = {isa = PBXBuildFile; fileRef = 504F58E11F491B9900A2CD67 /* Assets.xcassets */; };
		504F58E51F491B9900A2CD67 /* LaunchScreen.storyboard in Resources */ = {isa = PBXBuildFile; fileRef = 504F58E31F491B9900A2CD67 /* LaunchScreen.storyboard */; };
/* End PBXBuildFile section */

/* Begin PBXFileReference section */
		504F58D71F491B9800A2CD67 /* ChallengeLesson2.app */ = {isa = PBXFileReference; explicitFileType = wrapper.application; includeInIndex = 0; path = ChallengeLesson2.app; sourceTree = BUILT_PRODUCTS_DIR; };
		504F58DA1F491B9800A2CD67 /* AppDelegate.swift */ = {isa = PBXFileReference; lastKnownFileType = sourcecode.swift; path = AppDelegate.swift; sourceTree = "<group>"; };
		504F58DC1F491B9800A2CD67 /* ViewController.swift */ = {isa = PBXFileReference; lastKnownFileType = sourcecode.swift; path = ViewController.swift; sourceTree = "<group>"; };
		504F58DF1F491B9800A2CD67 /* Base */ = {isa = PBXFileReference; lastKnownFileType = file.storyboard; name = Base; path = Base.lproj/Main.storyboard; sourceTree = "<group>"; };
		504F58E11F491B9900A2CD67 /* Assets.xcassets */ = {isa = PBXFileReference; lastKnownFileType = folder.assetcatalog; path = Assets.xcassets; sourceTree = "<group>"; };
		504F58E41F491B9900A2CD67 /* Base */ = {isa = PBXFileReference; lastKnownFileType = file.storyboard; name = Base; path = Base.lproj/LaunchScreen.storyboard; sourceTree = "<group>"; };
		504F58E61F491B9900A2CD67 /* Info.plist */ = {isa = PBXFileReference; lastKnownFileType = text.plist.xml; path = Info.plist; sourceTree = "<group>"; };
/* End PBXFileReference section */

/* Begin PBXFrameworksBuildPhase section */
		504F58D41F491B9800A2CD67 /* Frameworks */ = {
			isa = PBXFrameworksBuildPhase;
			buildActionMask = 2147483647;
			files = (
			);
			runOnlyForDeploymentPostprocessing = 0;
		};
/* End PBXFrameworksBuildPhase section */

/* Begin PBXGroup section */
		504F58CE1F491B9800A2CD67 = {
			isa = PBXGroup;
			children = (
				504F58D91F491B9800A2CD67 /* ChallengeLesson2 */,
				504F58D81F491B9800A2CD67 /* Products */,
			);
			sourceTree = "<group>";
		};
		504F58D81F491B9800A2CD67 /* Products */ = {
			isa = PBXGroup;
			children = (
				504F58D71F491B9800A2CD67 /* ChallengeLesson2.app */,
			);
			name = Products;
			sourceTree = "<group>";
		};
		504F58D91F491B9800A2CD67 /* ChallengeLesson2 */ = {
			isa = PBXGroup;
			children = (
				504F58DA1F491B9800A2CD67 /* AppDelegate.swift */,
				504F58DC1F491B9800A2CD67 /* ViewController.swift */,
				504F58DE1F491B9800A2CD67 /* Main.storyboard */,
				504F58E11F491B9900A2CD67 /* Assets.xcassets */,
				504F58E31F491B9900A2CD67 /* LaunchScreen.storyboard */,
				504F58E61F491B9900A2CD67 /* Info.plist */,
			);
			path = ChallengeLesson2;
			sourceTree = "<group>";
		};
/* End PBXGroup section */

/* Begin PBXNativeTarget section */
		504F58D61F491B9800A2CD67 /* ChallengeLesson2 */ = {
			isa = PBXNativeTarget;
			buildConfigurationList = 504F58E91F491B9900A2CD67 /* Build configuration list for PBXNativeTarget "ChallengeLesson2" */;
			buildPhases = (
				504F58D31F491B9800A2CD67 /* Sources */,
				504F58D41F491B9800A2CD67 /* Frameworks */,
				504F58D51F491B9800A2CD67 /* Resources */,
			);
			buildRules = (
			);
			dependencies = (
			);
			name = ChallengeLesson2;
			productName = ChallengeLesson2;
			productReference = 504F58D71F491B9800A2CD67 /* ChallengeLesson2.app */;
			productType = "com.apple.product-type.application";
		};
/* End PBXNativeTarget section */

/* Begin PBXProject section */
		504F58CF1F491B9800A2CD67 /* Project object */ = {
			isa = PBXProject;
			attributes = {
				LastSwiftUpdateCheck = 0830;
				LastUpgradeCheck = 0830;
				ORGANIZATIONNAME = Bathanti;
				TargetAttributes = {
					504F58D61F491B9800A2CD67 = {
						CreatedOnToolsVersion = 8.3.3;
						ProvisioningStyle = Automatic;
					};
				};
			};
			buildConfigurationList = 504F58D21F491B9800A2CD67 /* Build configuration list for PBXProject "ChallengeLesson2" */;
			compatibilityVersion = "Xcode 3.2";
			developmentRegion = English;
			hasScannedForEncodings = 0;
			knownRegions = (
				en,
				Base,
			);
			mainGroup = 504F58CE1F491B9800A2CD67;
			productRefGroup = 504F58D81F491B9800A2CD67 /* Products */;
			projectDirPath = "";
			projectRoot = "";
			targets = (
				504F58D61F491B9800A2CD67 /* ChallengeLesson2 */,
			);
		};
/* End PBXProject section */

/* Begin PBXResourcesBuildPhase section */
		504F58D51F491B9800A2CD67 /* Resources */ = {
			isa = PBXResourcesBuildPhase;
			buildActionMask = 2147483647;
			files = (
				504F58E51F491B9900A2CD67 /* LaunchScreen.storyboard in Resources */,
				504F58E21F491B9900A2CD67 /* Assets.xcassets in Resources */,
				504F58E01F491B9800A2CD67 /* Main.storyboard in Resources */,
			);
			runOnlyForDeploymentPostprocessing = 0;
		};
/* End PBXResourcesBuildPhase section */

/* Begin PBXSourcesBuildPhase section */
		504F58D31F491B9800A2CD67 /* Sources */ = {
			isa = PBXSourcesBuildPhase;
			buildActionMask = 2147483647;
			files = (
				504F58DD1F491B9800A2CD67 /* ViewController.swift in Sources */,
				504F58DB1F491B9800A2CD67 /* AppDelegate.swift in Sources */,
			);
			runOnlyForDeploymentPostprocessing = 0;
		};
/* End PBXSourcesBuildPhase section */

/* Begin PBXVariantGroup section */
		504F58DE1F491B9800A2CD67 /* Main.storyboard */ = {
			isa = PBXVariantGroup;
			children = (
				504F58DF1F491B9800A2CD67 /* Base */,
			);
			name = Main.storyboard;
			sourceTree = "<group>";
		};
		504F58E31F491B9900A2CD67 /* LaunchScreen.storyboard */ = {
			isa = PBXVariantGroup;
			children = (
				504F58E41F491B9900A2CD67 /* Base */,
			);
			name = LaunchScreen.storyboard;
			sourceTree = "<group>";
		};
/* End PBXVariantGroup section */

/* Begin XCBuildConfiguration section */
		504F58E71F491B9900A2CD67 /* Debug */ = {
			isa = XCBuildConfiguration;
			buildSettings = {
				ALWAYS_SEARCH_USER_PATHS = NO;
				CLANG_ANALYZER_NONNULL = YES;
				CLANG_ANALYZER_NUMBER_OBJECT_CONVERSION = YES_AGGRESSIVE;
				CLANG_CXX_LANGUAGE_STANDARD = "gnu++0x";
				CLANG_CXX_LIBRARY = "libc++";
				CLANG_ENABLE_MODULES = YES;
				CLANG_ENABLE_OBJC_ARC = YES;
				CLANG_WARN_BOOL_CONVERSION = YES;
				CLANG_WARN_CONSTANT_CONVERSION = YES;
				CLANG_WARN_DIRECT_OBJC_ISA_USAGE = YES_ERROR;
				CLANG_WARN_DOCUMENTATION_COMMENTS = YES;
				CLANG_WARN_EMPTY_BODY = YES;
				CLANG_WARN_ENUM_CONVERSION = YES;
				CLANG_WARN_INFINITE_RECURSION = YES;
				CLANG_WARN_INT_CONVERSION = YES;
				CLANG_WARN_OBJC_ROOT_CLASS = YES_ERROR;
				CLANG_WARN_SUSPICIOUS_MOVE = YES;
				CLANG_WARN_UNREACHABLE_CODE = YES;
				CLANG_WARN__DUPLICATE_METHOD_MATCH = YES;
				"CODE_SIGN_IDENTITY[sdk=iphoneos*]" = "iPhone Developer";
				COPY_PHASE_STRIP = NO;
				DEBUG_INFORMATION_FORMAT = dwarf;
				ENABLE_STRICT_OBJC_MSGSEND = YES;
				ENABLE_TESTABILITY = YES;
				GCC_C_LANGUAGE_STANDARD = gnu99;
				GCC_DYNAMIC_NO_PIC = NO;
				GCC_NO_COMMON_BLOCKS = YES;
				GCC_OPTIMIZATION_LEVEL = 0;
				GCC_PREPROCESSOR_DEFINITIONS = (
					"DEBUG=1",
					"$(inherited)",
				);
				GCC_WARN_64_TO_32_BIT_CONVERSION = YES;
				GCC_WARN_ABOUT_RETURN_TYPE = YES_ERROR;
				GCC_WARN_UNDECLARED_SELECTOR = YES;
				GCC_WARN_UNINITIALIZED_AUTOS = YES_AGGRESSIVE;
				GCC_WARN_UNUSED_FUNCTION = YES;
				GCC_WARN_UNUSED_VARIABLE = YES;
				IPHONEOS_DEPLOYMENT_TARGET = 10.3;
				MTL_ENABLE_DEBUG_INFO = YES;
				ONLY_ACTIVE_ARCH = YES;
				SDKROOT = iphoneos;
				SWIFT_ACTIVE_COMPILATION_CONDITIONS = DEBUG;
				SWIFT_OPTIMIZATION_LEVEL = "-Onone";
				TARGETED_DEVICE_FAMILY = "1,2";
			};
			name = Debug;
		};
		504F58E81F491B9900A2CD67 /* Release */ = {
			isa = XCBuildConfiguration;
			buildSettings = {
				ALWAYS_SEARCH_USER_PATHS = NO;
				CLANG_ANALYZER_NONNULL = YES;
				CLANG_ANALYZER_NUMBER_OBJECT_CONVERSION = YES_AGGRESSIVE;
				CLANG_CXX_LANGUAGE_STANDARD = "gnu++0x";
				CLANG_CXX_LIBRARY = "libc++";
				CLANG_ENABLE_MODULES = YES;
				CLANG_ENABLE_OBJC_ARC = YES;
				CLANG_WARN_BOOL_CONVERSION = YES;
				CLANG_WARN_CONSTANT_CONVERSION = YES;
				CLANG_WARN_DIRECT_OBJC_ISA_USAGE = YES_ERROR;
				CLANG_WARN_DOCUMENTATION_COMMENTS = YES;
				CLANG_WARN_EMPTY_BODY = YES;
				CLANG_WARN_ENUM_CONVERSION = YES;
				CLANG_WARN_INFINITE_RECURSION = YES;
				CLANG_WARN_INT_CONVERSION = YES;
				CLANG_WARN_OBJC_ROOT_CLASS = YES_ERROR;
				CLANG_WARN_SUSPICIOUS_MOVE = YES;
				CLANG_WARN_UNREACHABLE_CODE = YES;
				CLANG_WARN__DUPLICATE_METHOD_MATCH = YES;
				"CODE_SIGN_IDENTITY[sdk=iphoneos*]" = "iPhone Developer";
				COPY_PHASE_STRIP = NO;
				DEBUG_INFORMATION_FORMAT = "dwarf-with-dsym";
				ENABLE_NS_ASSERTIONS = NO;
				ENABLE_STRICT_OBJC_MSGSEND = YES;
				GCC_C_LANGUAGE_STANDARD = gnu99;
				GCC_NO_COMMON_BLOCKS = YES;
				GCC_WARN_64_TO_32_BIT_CONVERSION = YES;
				GCC_WARN_ABOUT_RETURN_TYPE = YES_ERROR;
				GCC_WARN_UNDECLARED_SELECTOR = YES;
				GCC_WARN_UNINITIALIZED_AUTOS = YES_AGGRESSIVE;
				GCC_WARN_UNUSED_FUNCTION = YES;
				GCC_WARN_UNUSED_VARIABLE = YES;
				IPHONEOS_DEPLOYMENT_TARGET = 10.3;
				MTL_ENABLE_DEBUG_INFO = NO;
				SDKROOT = iphoneos;
				SWIFT_OPTIMIZATION_LEVEL = "-Owholemodule";
				TARGETED_DEVICE_FAMILY = "1,2";
				VALIDATE_PRODUCT = YES;
			};
			name = Release;
		};
		504F58EA1F491B9900A2CD67 /* Debug */ = {
			isa = XCBuildConfiguration;
			buildSettings = {
				ASSETCATALOG_COMPILER_APPICON_NAME = AppIcon;
				INFOPLIST_FILE = ChallengeLesson2/Info.plist;
				LD_RUNPATH_SEARCH_PATHS = "$(inherited) @executable_path/Frameworks";
				PRODUCT_BUNDLE_IDENTIFIER = com.test.ChallengeLesson2;
				PRODUCT_NAME = "$(TARGET_NAME)";
				SWIFT_VERSION = 3.0;
			};
			name = Debug;
		};
		504F58EB1F491B9900A2CD67 /* Release */ = {
			isa = XCBuildConfiguration;
			buildSettings = {
				ASSETCATALOG_COMPILER_APPICON_NAME = AppIcon;
				INFOPLIST_FILE = ChallengeLesson2/Info.plist;
				LD_RUNPATH_SEARCH_PATHS = "$(inherited) @executable_path/Frameworks";
				PRODUCT_BUNDLE_IDENTIFIER = com.test.ChallengeLesson2;
				PRODUCT_NAME = "$(TARGET_NAME)";
				SWIFT_VERSION = 3.0;
			};
			name = Release;
		};
/* End XCBuildConfiguration section */

/* Begin XCConfigurationList section */
		504F58D21F491B9800A2CD67 /* Build configuration list for PBXProject "ChallengeLesson2" */ = {
			isa = XCConfigurationList;
			buildConfigurations = (
				504F58E71F491B9900A2CD67 /* Debug */,
				504F58E81F491B9900A2CD67 /* Release */,
			);
			defaultConfigurationIsVisible = 0;
			defaultConfigurationName = Release;
		};
		504F58E91F491B9900A2CD67 /* Build configuration list for PBXNativeTarget "ChallengeLesson2" */ = {
			isa = XCConfigurationList;
			buildConfigurations = (
				504F58EA1F491B9900A2CD67 /* Debug */,
				504F58EB1F491B9900A2CD67 /* Release */,
			);
			defaultConfigurationIsVisible = 0;
		};
/* End XCConfigurationList section */
	};
	rootObject = 504F58CF1F491B9800A2CD67 /* Project object */;
}
